
Microsoft Visual Studio Solution File, Format Version 12.00
# Visual Studio Version 16
VisualStudioVersion = 16.0.30907.101
MinimumVisualStudioVersion = 10.0.40219.1
Project("{FAE04EC0-301F-11D3-BF4B-00C04F79EFBC}") = "Caste.API", "Caste.API\Caste.API.csproj", "{0D1A74AC-B8F6-4F3D-BA64-51E58A46BD21}"
EndProject
Project("{FAE04EC0-301F-11D3-BF4B-00C04F79EFBC}") = "Castle.Data", "Castle.Data\Castle.Data.csproj", "{9116B7FF-0C4B-40EB-843F-EB03EEBF1627}"
EndProject
Global
	GlobalSection(SolutionConfigurationPlatforms) = preSolution
		Debug|Any CPU = Debug|Any CPU
		Release|Any CPU = Release|Any CPU
	EndGlobalSection
	GlobalSection(ProjectConfigurationPlatforms) = postSolution
		{0D1A74AC-B8F6-4F3D-BA64-51E58A46BD21}.Debug|Any CPU.ActiveCfg = Debug|Any CPU
		{0D1A74AC-B8F6-4F3D-BA64-51E58A46BD21}.Debug|Any CPU.Build.0 = Debug|Any CPU
		{0D1A74AC-B8F6-4F3D-BA64-51E58A46BD21}.Release|Any CPU.ActiveCfg = Release|Any CPU
		{0D1A74AC-B8F6-4F3D-BA64-51E58A46BD21}.Release|Any CPU.Build.0 = Release|Any CPU
		{9116B7FF-0C4B-40EB-843F-EB03EEBF1627}.Debug|Any CPU.ActiveCfg = Debug|Any CPU
		{9116B7FF-0C4B-40EB-843F-EB03EEBF1627}.Debug|Any CPU.Build.0 = Debug|Any CPU
		{9116B7FF-0C4B-40EB-843F-EB03EEBF1627}.Release|Any CPU.ActiveCfg = Release|Any CPU
		{9116B7FF-0C4B-40EB-843F-EB03EEBF1627}.Release|Any CPU.Build.0 = Release|Any CPU
	EndGlobalSection
	GlobalSection(SolutionProperties) = preSolution
		HideSolutionNode = FALSE
	EndGlobalSection
	GlobalSection(ExtensibilityGlobals) = postSolution
		SolutionGuid = {988AC028-6A87-4A45-ACC1-AF5FFFADC5A9}
	EndGlobalSection
EndGlobal
